version = 1
revision = 3
requires-python = ">=3.11"

[[package]]
name = "colorama"
version = "0.4.6"
source = { registry = "https://pypi.org/simple" }
sdist = { url = "https://files.pythonhosted.org/packages/d8/53/6f443c9a4a8358a93a6792e2acffb9d9d5cb0a5cfd8802644b7b1c9a02e4/colorama-0.4.6.tar.gz", hash = "sha256:08695f5cb7ed6e0531a20572697297273c47b8cae5a63ffc6d6ed5c201be6e44", size = 27697, upload-time = "2022-10-25T02:36:22.414Z" }
wheels = [
    { url = "https://files.pythonhosted.org/packages/d1/d6/3965ed04c63042e047cb6a3e6ed1a63a35087b6a609aa3a15ed8ac56c221/colorama-0.4.6-py2.py3-none-any.whl", hash = "sha256:4f1d9991f5acc0ca119f9d443620b77f9d6b33703e51011c16baf57afb285fc6", size = 25335, upload-time = "2022-10-25T02:36:20.889Z" },
]

[[package]]
name = "cryptg"
version = "0.5.2"
source = { registry = "https://pypi.org/simple" }
sdist = { url = "https://files.pythonhosted.org/packages/41/e0/d1b637d638513191793971b985151b48ac656d5fcce79771f1e5541a7acf/cryptg-0.5.2.tar.gz", hash = "sha256:d1577e219d040695f34ae7c2636c9ed769fe623813009e27dbc735beed69bd16", size = 13347, upload-time = "2025-10-12T08:39:51.185Z" }
wheels = [
    { url = "https://files.pythonhosted.org/packages/ea/88/050a378998d9f14b88955d5e3119b0d5822830e42376ff69023c12a4108e/cryptg-0.5.2-cp311-cp311-macosx_11_0_arm64.whl", hash = "sha256:40e6002f3dd522711b33fd8ace2424f295dd557251d255c6f0ab1cd7a6f8c662", size = 213527, upload-time = "2025-10-12T08:56:59.6Z" },
    { url = "https://files.pythonhosted.org/packages/b1/82/c977ae8906bed76b068e25ba70fecb7f8f79ba43be13a290a55ee527ee19/cryptg-0.5.2-cp311-cp311-manylinux_2_28_aarch64.whl", hash = "sha256:ef778055445d451b4467cda4252a23cb659666012b97c43cce25d08b55f8fb4a", size = 243025, upload-time = "2025-10-12T08:57:00.71Z" },
    { url = "https://files.pythonhosted.org/packages/21/4e/fdd0ca11105c02dc7879f6df6e7b0f7ce7e85a262938d3f9657d450ba102/cryptg-0.5.2-cp311-cp311-manylinux_2_28_x86_64.whl", hash = "sha256:682b19897ebef8a910fdfe5fc379689334fdc197cb17bb13763f27153c856cb2", size = 255120, upload-time = "2025-10-12T08:57:02.016Z" },
    { url = "https://files.pythonhosted.org/packages/02/04/f4834326b0aaff222a35f4b138fed51d5619627c2bd02c94a08f7ab6df21/cryptg-0.5.2-cp311-cp311-win32.whl", hash = "sha256:e83a0c9f141af8fe426c9967cec802ab01e207edb6aeb3fb8f0d94f9fbb76b92", size = 112529, upload-time = "2025-10-12T08:57:03.349Z" },
    { url = "https://files.pythonhosted.org/packages/22/de/edf6d5bcee436b5e3c764f25486c646fe47f5e18cdc0fad37bc6b4d96ab5/cryptg-0.5.2-cp311-cp311-win_amd64.whl", hash = "sha256:b677d8e3be717c740a05eaf042e92e6f3e0f07dd3383bc4b1878b71cf4048d84", size = 113574, upload-time = "2025-10-12T08:57:04.773Z" },
    { url = "https://files.pythonhosted.org/packages/81/ea/4752cbd74369a27662960d9476918e549590ad91b68e911fffd106695dc7/cryptg-0.5.2-cp312-cp312-macosx_11_0_arm64.whl", hash = "sha256:eb28fcde47e02421926dbb83dbb0793d21d783125b95bda68414e46c76b1c9e1", size = 211666, upload-time = "2025-10-12T08:57:05.671Z" },
    { url = "https://files.pythonhosted.org/packages/b1/ad/4873a1ecd602aed7618bcf2dce4099834c73423b4793bbe815b942ab67d2/cryptg-0.5.2-cp312-cp312-manylinux_2_28_aarch64.whl", hash = "sha256:5f51de5fa87cca9c3b2c019eae0ba7f4a27fd0ac23a6b52970e14ab6e590c11f", size = 243573, upload-time = "2025-10-12T08:57:07.062Z" },
    { url = "https://files.pythonhosted.org/packages/34/2e/50fda8d43646db4be92071979722600440f852e70eda67379a55b686a376/cryptg-0.5.2-cp312-cp312-manylinux_2_28_x86_64.whl", hash = "sha256:207c6c717c5e2d544f11523ce8c56982e40fbfc4b3a6eebf70e3e7b37c2be14e", size = 255038, upload-time = "2025-10-12T08:57:08.336Z" },
    { url = "https://files.pythonhosted.org/packages/1e/bf/e7fcb0887a8ec340b2f28a54dd2105b271e7574ae99eb1222bb8cb85cebc/cryptg-0.5.2-cp312-cp312-win32.whl", hash = "sha256:3c0c1edd348bbbebc5a6fd553cdeb861d85016c73dd5dfc368a0bee343a6fb25", size = 113108, upload-time = "2025-10-12T08:57:09.387Z" },
    { url = "https://files.pythonhosted.org/packages/02/a7/54c2a6f3559708a04023f31407628d6db3e2482b059b226dc3f4c41ffbe1/cryptg-0.5.2-cp312-cp312-win_amd64.whl", hash = "sha256:c9b6ae5d30c3c164ac44b6b212887ed7d56f55e2fb207c7f93332ef2624fd936", size = 113710, upload-time = "2025-10-12T08:57:10.284Z" },
    { url = "https://files.pythonhosted.org/packages/a3/94/194f349abbef5c8b9d4a940a24e0063e75341a4b649222d6f18c8e6be2e6/cryptg-0.5.2-cp313-cp313-macosx_11_0_arm64.whl", hash = "sha256:78256ecd112b16e2f2bd7b74bfce9b79068cb2304f3a7e847a2440908f780c36", size = 211720, upload-time = "2025-10-12T08:57:11.533Z" },
    { url = "https://files.pythonhosted.org/packages/4b/19/9fb12ec6f5f257c318a181f3127615c52ac03274a70a1078fd2ceb180742/cryptg-0.5.2-cp313-cp313-manylinux_2_28_aarch64.whl", hash = "sha256:62cc487da7f842362619a839cf13e27cc7f59b4870f3dcbb58c3dd71649322e9", size = 243713, upload-time = "2025-10-12T08:57:12.481Z" },
    { url = "https://files.pythonhosted.org/packages/aa/28/1d55ecf9b058dc9376758aa71df83715bc6fe84eb6cf85a0af1c50345016/cryptg-0.5.2-cp313-cp313-manylinux_2_28_x86_64.whl", hash = "sha256:1797c006ac9d4ddd08f141fc6718e16040eabca8defb6bdf7ded5946359aa375", size = 255031, upload-time = "2025-10-12T08:57:13.779Z" },
    { url = "https://files.pythonhosted.org/packages/3c/e9/57698ae2af522ac86d1af5b0788ceab07c92313201dea082eb1b6f6abb54/cryptg-0.5.2-cp313-cp313-win32.whl", hash = "sha256:8c0e9a58c8db6795e674130bbc0c055a0eff887075707e6b6285f6f52581442b", size = 113165, upload-time = "2025-10-12T08:57:14.683Z" },
    { url = "https://files.pythonhosted.org/packages/1c/3c/276e1034a93160a8908a61043b74fef028b8275f9b0cccb0353e48729e1d/cryptg-0.5.2-cp313-cp313-win_amd64.whl", hash = "sha256:5dc1e0c39a243710773b834dc8880182bba6a0ff8da4ba7cd2a53c67e70dfa4e", size = 114024, upload-time = "2025-10-12T08:57:15.545Z" },
    { url = "https://files.pythonhosted.org/packages/80/7e/b8d7d30484c48fbb7b8d6262052b7bb05fd40b6dd14e044af3624fe2d2f2/cryptg-0.5.2-cp314-cp314-macosx_11_0_arm64.whl", hash = "sha256:b57ca6c19dbd59eb2dd72d3ca289621b8f06db1073704dc9ac6fba2fbad7b782", size = 211427, upload-time = "2025-10-12T08:57:16.764Z" },
    { url = "https://files.pythonhosted.org/packages/86/e8/e30eee6f18d5a2f916f4c18d2625dc305df1d9ca08195fa629c46cba1b53/cryptg-0.5.2-cp314-cp314-manylinux_2_28_aarch64.whl", hash = "sha256:a4475a567bf728b85a5c0399f487ec1e683bfb4a5dad9c3f4e771be1caa712fb", size = 243269, upload-time = "2025-10-12T08:57:17.823Z" },
    { url = "https://files.pythonhosted.org/packages/97/6c/cb0332af4c790f8912abffe5559fc4ffbf71a4471310b8f979cb4eb6429d/cryptg-0.5.2-cp314-cp314-manylinux_2_28_x86_64.whl", hash = "sha256:bffb88636f2d00f8773bb6ae5d90e9963ce2e4dc49d4d108e813ed75ad2fb4c0", size = 254464, upload-time = "2025-10-12T08:57:19.164Z" },
    { url = "https://files.pythonhosted.org/packages/71/87/a95fc0c1d4f7ccb5c2069b7b54f72d1471042d7922008a0d50b99db84951/cryptg-0.5.2-cp314-cp314-win32.whl", hash = "sha256:721dfb2cd109a89e28d9bb3da892c56b16983cc59cf9b2268bacf94bd4d5abf3", size = 116303, upload-time = "2025-10-12T08:57:20.13Z" },
    { url = "https://files.pythonhosted.org/packages/71/83/0eb334c3fb563d74a061ee49a568f2cd392f4e0e83c35b67d8fd3111d1ef/cryptg-0.5.2-cp314-cp314-win_amd64.whl", hash = "sha256:9269ad512124dd4a41824ab5dcc0a8e6697f8aa8f5fcd71fb34f8a4eebd5ec67", size = 116433, upload-time = "2025-10-12T08:57:20.966Z" },
    { url = "https://files.pythonhosted.org/packages/ff/f6/d49eecfbf76150fadfea6b778f396b22b3d779262697cdd94ade7701943a/cryptg-0.5.2-cp314-cp314t-macosx_11_0_arm64.whl", hash = "sha256:cc0e519e31b61633305ffd34803da3ea5c3414221a838ae85b487bcdee71a388", size = 211163, upload-time = "2025-10-12T08:57:21.838Z" },
    { url = "https://files.pythonhosted.org/packages/1c/ae/251f130b1bd2a54b2345b24a72ec6b69b3798c6bc55e880292f83db78928/cryptg-0.5.2-cp314-cp314t-manylinux_2_28_aarch64.whl", hash = "sha256:b67ce4d22532454aceac6c5afc30ba2cefb4b95fcfe74eea9affdb697fe59cc1", size = 243212, upload-time = "2025-10-12T08:57:22.814Z" },
    { url = "https://files.pythonhosted.org/packages/a5/1f/8bdda38d198cb8d459909599702361eb49db95c1a182be1b52b08db569cb/cryptg-0.5.2-cp314-cp314t-manylinux_2_28_x86_64.whl", hash = "sha256:4e2273d41eb8d3be60e190f0ae30c1492db41b6a49d4d3e769f9ba24da4402f5", size = 254612, upload-time = "2025-10-12T08:57:23.792Z" },
    { url = "https://files.pythonhosted.org/packages/8b/dd/70a10daab5d276a5f1fe5fe500446cff247e2082b971ae07d240a418d1a8/cryptg-0.5.2-cp314-cp314t-win32.whl", hash = "sha256:427ee363344a71882a3ba853c179b1d7d1ed0991e4fa8cf09e6f7418eda86237", size = 115715, upload-time = "2025-10-12T08:57:24.869Z" },
    { url = "https://files.pythonhosted.org/packages/41/48/f691dc55e4001482120886a84f6db0161c7b1d9e96343203f93d5ec530ca/cryptg-0.5.2-cp314-cp314t-win_amd64.whl", hash = "sha256:ce37d3634b56f5cacc8419f1f907589fee89bd8e2a37aa208a2f0eed32773da3", size = 116271, upload-time = "2025-10-12T08:57:26.048Z" },
    { url = "https://files.pythonhosted.org/packages/2e/64/0526cc46968630cd2e4f6637c83431a47296bb2c2d80cda0fcf779b365d5/cryptg-0.5.2-pp311-pypy311_pp73-macosx_11_0_arm64.whl", hash = "sha256:7da6a02027684c1c56d8e3a13a2341ec2fc67792036ed356dcc54bd08fdee485", size = 214875, upload-time = "2025-10-12T08:57:43.152Z" },
    { url = "https://files.pythonhosted.org/packages/58/e9/62042808e99bbb09896c57e047a317851595ac0c45d79ceed8a98254ac72/cryptg-0.5.2-pp311-pypy311_pp73-manylinux_2_28_aarch64.whl", hash = "sha256:973e67117296bf0ad4dc21607fd699d9da3b95d66f6f39d981b522523e778f3f", size = 244198, upload-time = "2025-10-12T08:57:44.139Z" },
    { url = "https://files.pythonhosted.org/packages/1f/05/80feec5026430371208e0d53ca642b4706a59678590319890bbddb6dfe5a/cryptg-0.5.2-pp311-pypy311_pp73-manylinux_2_28_x86_64.whl", hash = "sha256:74a6416ebff5af10f0d837c2790a55086efe3ae5115c0da50948d0c95f144c03", size = 255576, upload-time = "2025-10-12T08:57:45.094Z" },
    { url = "https://files.pythonhosted.org/packages/0e/d9/35f820588f581e5fbd5392abd299c08effde9184ed4b766d67b06e67f780/cryptg-0.5.2-pp311-pypy311_pp73-win_amd64.whl", hash = "sha256:bd2ea1261454ac415e4127a5bf3f4795bd404c9f1041bf98cf02a7e23ff253b7", size = 114253, upload-time = "2025-10-12T08:57:46.376Z" },
]

[[package]]
name = "hachoir"
version = "3.3.0"
source = { registry = "https://pypi.org/simple" }
sdist = { url = "https://files.pythonhosted.org/packages/31/e5/3a7d611dc87aab2c088be040f5da2f6937e308044983848e648d97ef388b/hachoir-3.3.0.tar.gz", hash = "sha256:fd7679f649c17ee45ab2ba5eacddc702c667ea5200c0a1fd063d4615fa7270d2", size = 7111887, upload-time = "2023-12-12T10:59:30.986Z" }
wheels = [
    { url = "https://files.pythonhosted.org/packages/ef/96/9570e6604114e9b2b2e1d90a89d01d10646b9cb6f54bba78f6de5fbbceb1/hachoir-3.3.0-py3-none-any.whl", hash = "sha256:9f721af67867d933383398b9605bc388db25f55dde1034d2bfde91f05e5d9910", size = 650439, upload-time = "2023-12-12T10:59:28.091Z" },
]

[[package]]
name = "pyaes"
version = "1.6.1"
source = { registry = "https://pypi.org/simple" }
sdist = { url = "https://files.pythonhosted.org/packages/44/66/2c17bae31c906613795711fc78045c285048168919ace2220daa372c7d72/pyaes-1.6.1.tar.gz", hash = "sha256:02c1b1405c38d3c370b085fb952dd8bea3fadcee6411ad99f312cc129c536d8f", size = 28536, upload-time = "2017-09-20T21:17:54.23Z" }

[[package]]
name = "pyasn1"
version = "0.6.1"
source = { registry = "https://pypi.org/simple" }
sdist = { url = "https://files.pythonhosted.org/packages/ba/e9/01f1a64245b89f039897cb0130016d79f77d52669aae6ee7b159a6c4c018/pyasn1-0.6.1.tar.gz", hash = "sha256:6f580d2bdd84365380830acf45550f2511469f673cb4a5ae3857a3170128b034", size = 145322, upload-time = "2024-09-10T22:41:42.55Z" }
wheels = [
    { url = "https://files.pythonhosted.org/packages/c8/f1/d6a797abb14f6283c0ddff96bbdd46937f64122b8c925cab503dd37f8214/pyasn1-0.6.1-py3-none-any.whl", hash = "sha256:0d632f46f2ba09143da3a8afe9e33fb6f92fa2320ab7e886e2d0f7672af84629", size = 83135, upload-time = "2024-09-11T16:00:36.122Z" },
]

[[package]]
name = "pyee"
version = "13.0.0"
source = { registry = "https://pypi.org/simple" }
dependencies = [
    { name = "typing-extensions" },
]
sdist = { url = "https://files.pythonhosted.org/packages/95/03/1fd98d5841cd7964a27d729ccf2199602fe05eb7a405c1462eb7277945ed/pyee-13.0.0.tar.gz", hash = "sha256:b391e3c5a434d1f5118a25615001dbc8f669cf410ab67d04c4d4e07c55481c37", size = 31250, upload-time = "2025-03-17T18:53:15.955Z" }
wheels = [
    { url = "https://files.pythonhosted.org/packages/9b/4d/b9add7c84060d4c1906abe9a7e5359f2a60f7a9a4f67268b2766673427d8/pyee-13.0.0-py3-none-any.whl", hash = "sha256:48195a3cddb3b1515ce0695ed76036b5ccc2ef3a9f963ff9f77aec0139845498", size = 15730, upload-time = "2025-03-17T18:53:14.532Z" },
]

[[package]]
name = "python-ffmpeg"
version = "2.0.12"
source = { registry = "https://pypi.org/simple" }
dependencies = [
    { name = "pyee" },
    { name = "typing-extensions" },
]
sdist = { url = "https://files.pythonhosted.org/packages/dd/4d/7ecffb341d646e016be76e36f5a42cb32f409c9ca21a57b68f067fad3fc7/python_ffmpeg-2.0.12.tar.gz", hash = "sha256:19ac80af5a064a2f53c245af1a909b2d7648ea045500d96d3bcd507b88d43dc7", size = 14126292, upload-time = "2024-04-15T10:15:31.878Z" }
wheels = [
    { url = "https://files.pythonhosted.org/packages/7f/6d/02e817aec661defe148cb9eb0c4eca2444846305f625c2243fb9f92a9045/python_ffmpeg-2.0.12-py3-none-any.whl", hash = "sha256:d86697da8dfb39335183e336d31baf42fb217468adf5ac97fd743898240faae3", size = 14411, upload-time = "2024-04-15T10:15:28.966Z" },
]

[[package]]
name = "rsa"
version = "4.9.1"
source = { registry = "https://pypi.org/simple" }
dependencies = [
    { name = "pyasn1" },
]
sdist = { url = "https://files.pythonhosted.org/packages/da/8a/22b7beea3ee0d44b1916c0c1cb0ee3af23b700b6da9f04991899d0c555d4/rsa-4.9.1.tar.gz", hash = "sha256:e7bdbfdb5497da4c07dfd35530e1a902659db6ff241e39d9953cad06ebd0ae75", size = 29034, upload-time = "2025-04-16T09:51:18.218Z" }
wheels = [
    { url = "https://files.pythonhosted.org/packages/64/8d/0133e4eb4beed9e425d9a98ed6e081a55d195481b7632472be1af08d2f6b/rsa-4.9.1-py3-none-any.whl", hash = "sha256:68635866661c6836b8d39430f97a996acbd61bfa49406748ea243539fe239762", size = 34696, upload-time = "2025-04-16T09:51:17.142Z" },
]

[[package]]
name = "ruff"
version = "0.14.2"
source = { registry = "https://pypi.org/simple" }
sdist = { url = "https://files.pythonhosted.org/packages/ee/34/8218a19b2055b80601e8fd201ec723c74c7fe1ca06d525a43ed07b6d8e85/ruff-0.14.2.tar.gz", hash = "sha256:98da787668f239313d9c902ca7c523fe11b8ec3f39345553a51b25abc4629c96", size = 5539663, upload-time = "2025-10-23T19:37:00.956Z" }
wheels = [
    { url = "https://files.pythonhosted.org/packages/16/dd/23eb2db5ad9acae7c845700493b72d3ae214dce0b226f27df89216110f2b/ruff-0.14.2-py3-none-linux_armv6l.whl", hash = "sha256:7cbe4e593505bdec5884c2d0a4d791a90301bc23e49a6b1eb642dd85ef9c64f1", size = 12533390, upload-time = "2025-10-23T19:36:18.044Z" },
    { url = "https://files.pythonhosted.org/packages/5a/8c/5f9acff43ddcf3f85130d0146d0477e28ccecc495f9f684f8f7119b74c0d/ruff-0.14.2-py3-none-macosx_10_12_x86_64.whl", hash = "sha256:8d54b561729cee92f8d89c316ad7a3f9705533f5903b042399b6ae0ddfc62e11", size = 12887187, upload-time = "2025-10-23T19:36:22.664Z" },
    { url = "https://files.pythonhosted.org/packages/99/fa/047646491479074029665022e9f3dc6f0515797f40a4b6014ea8474c539d/ruff-0.14.2-py3-none-macosx_11_0_arm64.whl", hash = "sha256:5c8753dfa44ebb2cde10ce5b4d2ef55a41fb9d9b16732a2c5df64620dbda44a3", size = 11925177, upload-time = "2025-10-23T19:36:24.778Z" },
    { url = "https://files.pythonhosted.org/packages/15/8b/c44cf7fe6e59ab24a9d939493a11030b503bdc2a16622cede8b7b1df0114/ruff-0.14.2-py3-none-manylinux_2_17_aarch64.manylinux2014_aarch64.whl", hash = "sha256:3d0bbeffb8d9f4fccf7b5198d566d0bad99a9cb622f1fc3467af96cb8773c9e3", size = 12358285, upload-time = "2025-10-23T19:36:26.979Z" },
    { url = "https://files.pythonhosted.org/packages/45/01/47701b26254267ef40369aea3acb62a7b23e921c27372d127e0f3af48092/ruff-0.14.2-py3-none-manylinux_2_17_armv7l.manylinux2014_armv7l.whl", hash = "sha256:7047f0c5a713a401e43a88d36843d9c83a19c584e63d664474675620aaa634a8", size = 12303832, upload-time = "2025-10-23T19:36:29.192Z" },
    { url = "https://files.pythonhosted.org/packages/2d/5c/ae7244ca4fbdf2bee9d6405dcd5bc6ae51ee1df66eb7a9884b77b8af856d/ruff-0.14.2-py3-none-manylinux_2_17_i686.manylinux2014_i686.whl", hash = "sha256:3bf8d2f9aa1602599217d82e8e0af7fd33e5878c4d98f37906b7c93f46f9a839", size = 13036995, upload-time = "2025-10-23T19:36:31.861Z" },
    { url = "https://files.pythonhosted.org/packages/27/4c/0860a79ce6fd4c709ac01173f76f929d53f59748d0dcdd662519835dae43/ruff-0.14.2-py3-none-manylinux_2_17_ppc64.manylinux2014_ppc64.whl", hash = "sha256:1c505b389e19c57a317cf4b42db824e2fca96ffb3d86766c1c9f8b96d32048a7", size = 14512649, upload-time = "2025-10-23T19:36:33.915Z" },
    { url = "https://files.pythonhosted.org/packages/7f/7f/d365de998069720a3abfc250ddd876fc4b81a403a766c74ff9bde15b5378/ruff-0.14.2-py3-none-manylinux_2_17_ppc64le.manylinux2014_ppc64le.whl", hash = "sha256:a307fc45ebd887b3f26b36d9326bb70bf69b01561950cdcc6c0bdf7bb8e0f7cc", size = 14088182, upload-time = "2025-10-23T19:36:36.983Z" },
    { url = "https://files.pythonhosted.org/packages/6c/ea/d8e3e6b209162000a7be1faa41b0a0c16a133010311edc3329753cc6596a/ruff-0.14.2-py3-none-manylinux_2_17_s390x.manylinux2014_s390x.whl", hash = "sha256:61ae91a32c853172f832c2f40bd05fd69f491db7289fb85a9b941ebdd549781a", size = 13599516, upload-time = "2025-10-23T19:36:39.208Z" },
    { url = "https://files.pythonhosted.org/packages/fa/ea/c7810322086db68989fb20a8d5221dd3b79e49e396b01badca07b433ab45/ruff-0.14.2-py3-none-manylinux_2_17_x86_64.manylinux2014_x86_64.whl", hash = "sha256:bc1967e40286f63ee23c615e8e7e98098dedc7301568bd88991f6e544d8ae096", size = 13272690, upload-time = "2025-10-23T19:36:41.453Z" },
    { url = "https://files.pythonhosted.org/packages/a9/39/10b05acf8c45786ef501d454e00937e1b97964f846bf28883d1f9619928a/ruff-0.14.2-py3-none-manylinux_2_31_riscv64.whl", hash = "sha256:2877f02119cdebf52a632d743a2e302dea422bfae152ebe2f193d3285a3a65df", size = 13496497, upload-time = "2025-10-23T19:36:43.61Z" },
    { url = "https://files.pythonhosted.org/packages/59/a1/1f25f8301e13751c30895092485fada29076e5e14264bdacc37202e85d24/ruff-0.14.2-py3-none-musllinux_1_2_aarch64.whl", hash = "sha256:e681c5bc777de5af898decdcb6ba3321d0d466f4cb43c3e7cc2c3b4e7b843a05", size = 12266116, upload-time = "2025-10-23T19:36:45.625Z" },
    { url = "https://files.pythonhosted.org/packages/5c/fa/0029bfc9ce16ae78164e6923ef392e5f173b793b26cc39aa1d8b366cf9dc/ruff-0.14.2-py3-none-musllinux_1_2_armv7l.whl", hash = "sha256:e21be42d72e224736f0c992cdb9959a2fa53c7e943b97ef5d081e13170e3ffc5", size = 12281345, upload-time = "2025-10-23T19:36:47.618Z" },
    { url = "https://files.pythonhosted.org/packages/a5/ab/ece7baa3c0f29b7683be868c024f0838770c16607bea6852e46b202f1ff6/ruff-0.14.2-py3-none-musllinux_1_2_i686.whl", hash = "sha256:b8264016f6f209fac16262882dbebf3f8be1629777cf0f37e7aff071b3e9b92e", size = 12629296, upload-time = "2025-10-23T19:36:49.789Z" },
    { url = "https://files.pythonhosted.org/packages/a4/7f/638f54b43f3d4e48c6a68062794e5b367ddac778051806b9e235dfb7aa81/ruff-0.14.2-py3-none-musllinux_1_2_x86_64.whl", hash = "sha256:5ca36b4cb4db3067a3b24444463ceea5565ea78b95fe9a07ca7cb7fd16948770", size = 13371610, upload-time = "2025-10-23T19:36:51.882Z" },
    { url = "https://files.pythonhosted.org/packages/8d/35/3654a973ebe5b32e1fd4a08ed2d46755af7267da7ac710d97420d7b8657d/ruff-0.14.2-py3-none-win32.whl", hash = "sha256:41775927d287685e08f48d8eb3f765625ab0b7042cc9377e20e64f4eb0056ee9", size = 12415318, upload-time = "2025-10-23T19:36:53.961Z" },
    { url = "https://files.pythonhosted.org/packages/71/30/3758bcf9e0b6a4193a6f51abf84254aba00887dfa8c20aba18aa366c5f57/ruff-0.14.2-py3-none-win_amd64.whl", hash = "sha256:0df3424aa5c3c08b34ed8ce099df1021e3adaca6e90229273496b839e5a7e1af", size = 13565279, upload-time = "2025-10-23T19:36:56.578Z" },
    { url = "https://files.pythonhosted.org/packages/2e/5d/aa883766f8ef9ffbe6aa24f7192fb71632f31a30e77eb39aa2b0dc4290ac/ruff-0.14.2-py3-none-win_arm64.whl", hash = "sha256:ea9d635e83ba21569fbacda7e78afbfeb94911c9434aff06192d9bc23fd5495a", size = 12554956, upload-time = "2025-10-23T19:36:58.714Z" },
]

[[package]]
name = "telethon"
version = "1.41.2"
source = { registry = "https://pypi.org/simple" }
dependencies = [
    { name = "pyaes" },
    { name = "rsa" },
]
sdist = { url = "https://files.pythonhosted.org/packages/86/6a/3fc30b39eac0a8c770418c0f393d3ff040b9205938a1492d60f08934e97a/telethon-1.41.2.tar.gz", hash = "sha256:300a3441df62668378626b46cafda346573e9ac296367182510756334d2bdc5e", size = 669173, upload-time = "2025-09-04T19:08:02.026Z" }
wheels = [
    { url = "https://files.pythonhosted.org/packages/78/e0/2fb26c432ee4259a6d4ab427196b84a2b0c81db232337b02cf2a09df1896/telethon-1.41.2-py3-none-any.whl", hash = "sha256:28b6b1023a0753a32039e6d1fda4b63cac138ce894cd5cbcac1d5ddd2f8426d8", size = 744889, upload-time = "2025-09-04T19:08:00.181Z" },
]

[[package]]
name = "tgup"
version = "0.1.8"
source = { editable = "." }
dependencies = [
    { name = "cryptg" },
    { name = "hachoir" },
    { name = "python-ffmpeg" },
    { name = "telethon" },
    { name = "tqdm" },
]

[package.dev-dependencies]
dev = [
    { name = "ruff" },
]

[package.metadata]
requires-dist = [
    { name = "cryptg", specifier = ">=0.5.0.post0" },
    { name = "hachoir", specifier = ">=3.3.0" },
    { name = "python-ffmpeg", specifier = ">=2.0.12" },
    { name = "telethon", specifier = ">=1.39.0" },
    { name = "tqdm", specifier = ">=4.67.1" },
]

[package.metadata.requires-dev]
dev = [{ name = "ruff", specifier = ">=0.11.5" }]

[[package]]
name = "tqdm"
version = "4.67.1"
source = { registry = "https://pypi.org/simple" }
dependencies = [
    { name = "colorama", marker = "sys_platform == 'win32'" },
]
sdist = { url = "https://files.pythonhosted.org/packages/a8/4b/29b4ef32e036bb34e4ab51796dd745cdba7ed47ad142a9f4a1eb8e0c744d/tqdm-4.67.1.tar.gz", hash = "sha256:f8aef9c52c08c13a65f30ea34f4e5aac3fd1a34959879d7e59e63027286627f2", size = 169737, upload-time = "2024-11-24T20:12:22.481Z" }
wheels = [
    { url = "https://files.pythonhosted.org/packages/d0/30/dc54f88dd4a2b5dc8a0279bdd7270e735851848b762aeb1c1184ed1f6b14/tqdm-4.67.1-py3-none-any.whl", hash = "sha256:26445eca388f82e72884e0d580d5464cd801a3ea01e63e5601bdff9ba6a48de2", size = 78540, upload-time = "2024-11-24T20:12:19.698Z" },
]

[[package]]
name = "typing-extensions"
version = "4.15.0"
source = { registry = "https://pypi.org/simple" }
sdist = { url = "https://files.pythonhosted.org/packages/72/94/1a15dd82efb362ac84269196e94cf00f187f7ed21c242792a923cdb1c61f/typing_extensions-4.15.0.tar.gz", hash = "sha256:0cea48d173cc12fa28ecabc3b837ea3cf6f38c6d1136f85cbaaf598984861466", size = 109391, upload-time = "2025-08-25T13:49:26.313Z" }
wheels = [
    { url = "https://files.pythonhosted.org/packages/18/67/36e9267722cc04a6b9f15c7f3441c2363321a3ea07da7ae0c0707beb2a9c/typing_extensions-4.15.0-py3-none-any.whl", hash = "sha256:f0fa19c6845758ab08074a0cfa8b7aecb71c999ca73d62883bc25cc018c4e548", size = 44614, upload-time = "2025-08-25T13:49:24.86Z" },
]
