version = 1
revision = 2
requires-python = ">=3.11"

[[package]]
name = "colorama"
version = "0.4.6"
source = { registry = "https://pypi.org/simple" }
sdist = { url = "https://files.pythonhosted.org/packages/d8/53/6f443c9a4a8358a93a6792e2acffb9d9d5cb0a5cfd8802644b7b1c9a02e4/colorama-0.4.6.tar.gz", hash = "sha256:08695f5cb7ed6e0531a20572697297273c47b8cae5a63ffc6d6ed5c201be6e44", size = 27697, upload-time = "2022-10-25T02:36:22.414Z" }
wheels = [
    { url = "https://files.pythonhosted.org/packages/d1/d6/3965ed04c63042e047cb6a3e6ed1a63a35087b6a609aa3a15ed8ac56c221/colorama-0.4.6-py2.py3-none-any.whl", hash = "sha256:4f1d9991f5acc0ca119f9d443620b77f9d6b33703e51011c16baf57afb285fc6", size = 25335, upload-time = "2022-10-25T02:36:20.889Z" },
]

[[package]]
name = "cryptg"
version = "0.5.0.post0"
source = { registry = "https://pypi.org/simple" }
sdist = { url = "https://files.pythonhosted.org/packages/8f/c8/9570ac88c1f14bc7a944819da523fdcdba54064ac49dd5faec86f8bf4c95/cryptg-0.5.0.post0.tar.gz", hash = "sha256:be5b36e662a73c9b2f1e02e4f0d71b0f97870e514e924d5988d7253a780e3a7b", size = 13395, upload-time = "2024-10-22T20:28:38.885Z" }
wheels = [
    { url = "https://files.pythonhosted.org/packages/46/ab/710797be0833e92b3d53f5ec50c082a6d764f971dd52441a68c5761ec53c/cryptg-0.5.0.post0-cp311-cp311-macosx_11_0_arm64.whl", hash = "sha256:d82293ea2515fe38300824fc075f5d4ec3e0fd3142a9ada1d88dae4f553eefec", size = 205458, upload-time = "2024-10-22T21:05:28.768Z" },
    { url = "https://files.pythonhosted.org/packages/0c/aa/c96a044423b82a1259915cc2097ef02e5ef61b348a06c21e0de8a769c666/cryptg-0.5.0.post0-cp311-cp311-manylinux_2_17_aarch64.manylinux2014_aarch64.whl", hash = "sha256:c2c066b4a2ee4ed90298d557cac19db9c834bd7e4e8435a1e024393155b850bf", size = 236207, upload-time = "2024-10-22T21:05:30.487Z" },
    { url = "https://files.pythonhosted.org/packages/3c/45/f15e458fe7d75a902b87f5f57c64d1ed816597b8d390afde3bfc618a9a4f/cryptg-0.5.0.post0-cp311-cp311-manylinux_2_17_x86_64.manylinux2014_x86_64.whl", hash = "sha256:209cf9a499e9cdb91580c8a5f9a3b7e475514016352350aea3d0a58656d4c2fe", size = 238256, upload-time = "2024-10-22T21:05:32.285Z" },
    { url = "https://files.pythonhosted.org/packages/c0/a5/c82ff94b5cec77c8befc1228863aac06f61bfe71c76d3044559c6f098485/cryptg-0.5.0.post0-cp311-cp311-manylinux_2_5_i686.manylinux1_i686.manylinux_2_17_i686.manylinux2014_i686.whl", hash = "sha256:f6e144749355ee2a3473a2c295f8178b58e8bbf127d45bbc670a30df0e44b27b", size = 259084, upload-time = "2024-10-22T21:05:33.483Z" },
    { url = "https://files.pythonhosted.org/packages/1f/b1/acbe296f928916cfb8ab090bdedfa7992f9cf26d8a35485bdbfedc69dcd9/cryptg-0.5.0.post0-cp311-cp311-win32.whl", hash = "sha256:2ea4ac6a1b8677c41b0df368be7779ed19b07ef033a290d35b0bf2d202a34ca9", size = 113276, upload-time = "2024-10-22T21:05:37.034Z" },
    { url = "https://files.pythonhosted.org/packages/53/d9/0549b73de6ae9db684baa44a1efe9057103215908de9386e907cc615d2a3/cryptg-0.5.0.post0-cp311-cp311-win_amd64.whl", hash = "sha256:882f12602db8d1021271a83275fb5b56bd6dbea22a6de086c26f4a22263d6c53", size = 111602, upload-time = "2024-10-22T21:05:35.308Z" },
    { url = "https://files.pythonhosted.org/packages/f4/6e/edc3e88c068025bd3218ad1f96158cc3e18a684df97da28eea2bfb258b28/cryptg-0.5.0.post0-cp312-cp312-macosx_11_0_arm64.whl", hash = "sha256:39795b25237da4ca6140cf4c2924807bfb683e528823ebbbae45b95f174ec903", size = 204976, upload-time = "2024-10-22T21:05:38.239Z" },
    { url = "https://files.pythonhosted.org/packages/01/84/23fc82ee92cd785a56bf57770ed972e9bb8a0bc50342fac0ee4971a63a82/cryptg-0.5.0.post0-cp312-cp312-manylinux_2_17_aarch64.manylinux2014_aarch64.whl", hash = "sha256:84f6b6f623d894ff88429805b7a1670f43df7dd05a71edc2f3c7b34175182c99", size = 235585, upload-time = "2024-10-22T21:05:39.331Z" },
    { url = "https://files.pythonhosted.org/packages/d4/b0/9ae39034b7542fe1a4e05a8c41fbf24e27176d6de46683d64478cff223e3/cryptg-0.5.0.post0-cp312-cp312-manylinux_2_17_x86_64.manylinux2014_x86_64.whl", hash = "sha256:9107b7daf308b453f00635f0491e4e658034925f19aa8d6623c73fe4e5764178", size = 237675, upload-time = "2024-10-22T21:05:41.323Z" },
    { url = "https://files.pythonhosted.org/packages/bb/fd/b55b0f4d8de615ce832d5fc9e77c1344c81695c97d22196c8c22b5f23c39/cryptg-0.5.0.post0-cp312-cp312-manylinux_2_5_i686.manylinux1_i686.manylinux_2_17_i686.manylinux2014_i686.whl", hash = "sha256:96da29d91bab292a7f91c43e27367529b5e9e81c894ceea29055460d0fe86346", size = 258590, upload-time = "2024-10-22T21:05:43.094Z" },
    { url = "https://files.pythonhosted.org/packages/20/af/8f1c82f22ad48de537bfdc82e549dd1470f854fdf855bf6e8ca1f79cdcda/cryptg-0.5.0.post0-cp312-cp312-win32.whl", hash = "sha256:2ff7f381746f0fcec3b8a25f5d39b9f7c84d7c59d5d27d5c4d53c6b2ba927a98", size = 113315, upload-time = "2024-10-22T21:05:45.988Z" },
    { url = "https://files.pythonhosted.org/packages/e8/09/86367b6e9433cc7a0c6c50c1b71b251166719dfadd17dbcbec5f82908b72/cryptg-0.5.0.post0-cp312-cp312-win_amd64.whl", hash = "sha256:cef8ed1144e11b3fbb85c2bddac45a783fedec7e7a78980b195a9b217087c619", size = 111400, upload-time = "2024-10-22T21:05:44.296Z" },
    { url = "https://files.pythonhosted.org/packages/db/bf/e4c730747d9b7c31e56a611c8ad253fe9e7da463caa0bb1c53c7b8a78b03/cryptg-0.5.0.post0-cp313-cp313-macosx_11_0_arm64.whl", hash = "sha256:9dfc86e0a4b200585b0d0a0ab349738f22b8ff9d14621ed7b37a2a415b78c3a5", size = 205191, upload-time = "2024-10-22T21:05:47.817Z" },
    { url = "https://files.pythonhosted.org/packages/ba/92/f53785242ecb7f47cf860cdf325cd56e6a9b1d2021b9c05b8d85164075fd/cryptg-0.5.0.post0-cp313-cp313-manylinux_2_17_aarch64.manylinux2014_aarch64.whl", hash = "sha256:9abb52b4d6c275f7148acec5a712c9731280794cd46b4e0fae8c6428f7ba5858", size = 235824, upload-time = "2024-10-22T21:05:49.344Z" },
    { url = "https://files.pythonhosted.org/packages/c2/5b/9453e85cf3b7a53c5b91d63329cbf5b0035b7e635a0347280966b949d252/cryptg-0.5.0.post0-cp313-cp313-manylinux_2_17_x86_64.manylinux2014_x86_64.whl", hash = "sha256:852e88327fc0050c47a1973e0ca33ffb7211c3d739965bff923fc202aeda1567", size = 237433, upload-time = "2024-10-22T21:05:50.788Z" },
    { url = "https://files.pythonhosted.org/packages/52/06/8ca293f475a8a374ed1006aa2ae647682f2b1dcb42a0c17dccbf5b47d614/cryptg-0.5.0.post0-cp313-cp313-manylinux_2_5_i686.manylinux1_i686.manylinux_2_17_i686.manylinux2014_i686.whl", hash = "sha256:feb3dc38d1766470239c76ca2f5003d8233d3a179a342e8731d5c5c6c57c08c9", size = 258490, upload-time = "2024-10-22T21:05:51.944Z" },
    { url = "https://files.pythonhosted.org/packages/4b/36/6fa10a9d02cae742e69f46349645acdcf939a69058a14b57acbf0ef2fee1/cryptg-0.5.0.post0-cp313-cp313-win32.whl", hash = "sha256:2adfb6ddeb7be5678121e254b7d113e6f25923a8c9c41dff2b7c777eb6b318ff", size = 113199, upload-time = "2024-10-22T21:05:55.211Z" },
    { url = "https://files.pythonhosted.org/packages/8b/44/5213eb9fbbc0678b62d20a6e5a0489ed4e2dde4ad6f880ea011cdd21c694/cryptg-0.5.0.post0-cp313-cp313-win_amd64.whl", hash = "sha256:e0666f1d4dc551c1cb86378b7adf4d927a1a79fafd9c25e88bda1de43e6d1f7b", size = 111359, upload-time = "2024-10-22T21:05:53.395Z" },
]

[[package]]
name = "hachoir"
version = "3.3.0"
source = { registry = "https://pypi.org/simple" }
sdist = { url = "https://files.pythonhosted.org/packages/31/e5/3a7d611dc87aab2c088be040f5da2f6937e308044983848e648d97ef388b/hachoir-3.3.0.tar.gz", hash = "sha256:fd7679f649c17ee45ab2ba5eacddc702c667ea5200c0a1fd063d4615fa7270d2", size = 7111887, upload-time = "2023-12-12T10:59:30.986Z" }
wheels = [
    { url = "https://files.pythonhosted.org/packages/ef/96/9570e6604114e9b2b2e1d90a89d01d10646b9cb6f54bba78f6de5fbbceb1/hachoir-3.3.0-py3-none-any.whl", hash = "sha256:9f721af67867d933383398b9605bc388db25f55dde1034d2bfde91f05e5d9910", size = 650439, upload-time = "2023-12-12T10:59:28.091Z" },
]

[[package]]
name = "pyaes"
version = "1.6.1"
source = { registry = "https://pypi.org/simple" }
sdist = { url = "https://files.pythonhosted.org/packages/44/66/2c17bae31c906613795711fc78045c285048168919ace2220daa372c7d72/pyaes-1.6.1.tar.gz", hash = "sha256:02c1b1405c38d3c370b085fb952dd8bea3fadcee6411ad99f312cc129c536d8f", size = 28536, upload-time = "2017-09-20T21:17:54.23Z" }

[[package]]
name = "pyasn1"
version = "0.6.1"
source = { registry = "https://pypi.org/simple" }
sdist = { url = "https://files.pythonhosted.org/packages/ba/e9/01f1a64245b89f039897cb0130016d79f77d52669aae6ee7b159a6c4c018/pyasn1-0.6.1.tar.gz", hash = "sha256:6f580d2bdd84365380830acf45550f2511469f673cb4a5ae3857a3170128b034", size = 145322, upload-time = "2024-09-10T22:41:42.55Z" }
wheels = [
    { url = "https://files.pythonhosted.org/packages/c8/f1/d6a797abb14f6283c0ddff96bbdd46937f64122b8c925cab503dd37f8214/pyasn1-0.6.1-py3-none-any.whl", hash = "sha256:0d632f46f2ba09143da3a8afe9e33fb6f92fa2320ab7e886e2d0f7672af84629", size = 83135, upload-time = "2024-09-11T16:00:36.122Z" },
]

[[package]]
name = "pyee"
version = "13.0.0"
source = { registry = "https://pypi.org/simple" }
dependencies = [
    { name = "typing-extensions" },
]
sdist = { url = "https://files.pythonhosted.org/packages/95/03/1fd98d5841cd7964a27d729ccf2199602fe05eb7a405c1462eb7277945ed/pyee-13.0.0.tar.gz", hash = "sha256:b391e3c5a434d1f5118a25615001dbc8f669cf410ab67d04c4d4e07c55481c37", size = 31250, upload-time = "2025-03-17T18:53:15.955Z" }
wheels = [
    { url = "https://files.pythonhosted.org/packages/9b/4d/b9add7c84060d4c1906abe9a7e5359f2a60f7a9a4f67268b2766673427d8/pyee-13.0.0-py3-none-any.whl", hash = "sha256:48195a3cddb3b1515ce0695ed76036b5ccc2ef3a9f963ff9f77aec0139845498", size = 15730, upload-time = "2025-03-17T18:53:14.532Z" },
]

[[package]]
name = "python-ffmpeg"
version = "2.0.12"
source = { registry = "https://pypi.org/simple" }
dependencies = [
    { name = "pyee" },
    { name = "typing-extensions" },
]
sdist = { url = "https://files.pythonhosted.org/packages/dd/4d/7ecffb341d646e016be76e36f5a42cb32f409c9ca21a57b68f067fad3fc7/python_ffmpeg-2.0.12.tar.gz", hash = "sha256:19ac80af5a064a2f53c245af1a909b2d7648ea045500d96d3bcd507b88d43dc7", size = 14126292, upload-time = "2024-04-15T10:15:31.878Z" }
wheels = [
    { url = "https://files.pythonhosted.org/packages/7f/6d/02e817aec661defe148cb9eb0c4eca2444846305f625c2243fb9f92a9045/python_ffmpeg-2.0.12-py3-none-any.whl", hash = "sha256:d86697da8dfb39335183e336d31baf42fb217468adf5ac97fd743898240faae3", size = 14411, upload-time = "2024-04-15T10:15:28.966Z" },
]

[[package]]
name = "rsa"
version = "4.9.1"
source = { registry = "https://pypi.org/simple" }
dependencies = [
    { name = "pyasn1" },
]
sdist = { url = "https://files.pythonhosted.org/packages/da/8a/22b7beea3ee0d44b1916c0c1cb0ee3af23b700b6da9f04991899d0c555d4/rsa-4.9.1.tar.gz", hash = "sha256:e7bdbfdb5497da4c07dfd35530e1a902659db6ff241e39d9953cad06ebd0ae75", size = 29034, upload-time = "2025-04-16T09:51:18.218Z" }
wheels = [
    { url = "https://files.pythonhosted.org/packages/64/8d/0133e4eb4beed9e425d9a98ed6e081a55d195481b7632472be1af08d2f6b/rsa-4.9.1-py3-none-any.whl", hash = "sha256:68635866661c6836b8d39430f97a996acbd61bfa49406748ea243539fe239762", size = 34696, upload-time = "2025-04-16T09:51:17.142Z" },
]

[[package]]
name = "ruff"
version = "0.12.3"
source = { registry = "https://pypi.org/simple" }
sdist = { url = "https://files.pythonhosted.org/packages/c3/2a/43955b530c49684d3c38fcda18c43caf91e99204c2a065552528e0552d4f/ruff-0.12.3.tar.gz", hash = "sha256:f1b5a4b6668fd7b7ea3697d8d98857390b40c1320a63a178eee6be0899ea2d77", size = 4459341, upload-time = "2025-07-11T13:21:16.086Z" }
wheels = [
    { url = "https://files.pythonhosted.org/packages/e2/fd/b44c5115539de0d598d75232a1cc7201430b6891808df111b8b0506aae43/ruff-0.12.3-py3-none-linux_armv6l.whl", hash = "sha256:47552138f7206454eaf0c4fe827e546e9ddac62c2a3d2585ca54d29a890137a2", size = 10430499, upload-time = "2025-07-11T13:20:26.321Z" },
    { url = "https://files.pythonhosted.org/packages/43/c5/9eba4f337970d7f639a37077be067e4ec80a2ad359e4cc6c5b56805cbc66/ruff-0.12.3-py3-none-macosx_10_12_x86_64.whl", hash = "sha256:0a9153b000c6fe169bb307f5bd1b691221c4286c133407b8827c406a55282041", size = 11213413, upload-time = "2025-07-11T13:20:30.017Z" },
    { url = "https://files.pythonhosted.org/packages/e2/2c/fac3016236cf1fe0bdc8e5de4f24c76ce53c6dd9b5f350d902549b7719b2/ruff-0.12.3-py3-none-macosx_11_0_arm64.whl", hash = "sha256:fa6b24600cf3b750e48ddb6057e901dd5b9aa426e316addb2a1af185a7509882", size = 10586941, upload-time = "2025-07-11T13:20:33.046Z" },
    { url = "https://files.pythonhosted.org/packages/c5/0f/41fec224e9dfa49a139f0b402ad6f5d53696ba1800e0f77b279d55210ca9/ruff-0.12.3-py3-none-manylinux_2_17_aarch64.manylinux2014_aarch64.whl", hash = "sha256:e2506961bf6ead54887ba3562604d69cb430f59b42133d36976421bc8bd45901", size = 10783001, upload-time = "2025-07-11T13:20:35.534Z" },
    { url = "https://files.pythonhosted.org/packages/0d/ca/dd64a9ce56d9ed6cad109606ac014860b1c217c883e93bf61536400ba107/ruff-0.12.3-py3-none-manylinux_2_17_armv7l.manylinux2014_armv7l.whl", hash = "sha256:c4faaff1f90cea9d3033cbbcdf1acf5d7fb11d8180758feb31337391691f3df0", size = 10269641, upload-time = "2025-07-11T13:20:38.459Z" },
    { url = "https://files.pythonhosted.org/packages/63/5c/2be545034c6bd5ce5bb740ced3e7014d7916f4c445974be11d2a406d5088/ruff-0.12.3-py3-none-manylinux_2_17_i686.manylinux2014_i686.whl", hash = "sha256:40dced4a79d7c264389de1c59467d5d5cefd79e7e06d1dfa2c75497b5269a5a6", size = 11875059, upload-time = "2025-07-11T13:20:41.517Z" },
    { url = "https://files.pythonhosted.org/packages/8e/d4/a74ef1e801ceb5855e9527dae105eaff136afcb9cc4d2056d44feb0e4792/ruff-0.12.3-py3-none-manylinux_2_17_ppc64.manylinux2014_ppc64.whl", hash = "sha256:0262d50ba2767ed0fe212aa7e62112a1dcbfd46b858c5bf7bbd11f326998bafc", size = 12658890, upload-time = "2025-07-11T13:20:44.442Z" },
    { url = "https://files.pythonhosted.org/packages/13/c8/1057916416de02e6d7c9bcd550868a49b72df94e3cca0aeb77457dcd9644/ruff-0.12.3-py3-none-manylinux_2_17_ppc64le.manylinux2014_ppc64le.whl", hash = "sha256:12371aec33e1a3758597c5c631bae9a5286f3c963bdfb4d17acdd2d395406687", size = 12232008, upload-time = "2025-07-11T13:20:47.374Z" },
    { url = "https://files.pythonhosted.org/packages/f5/59/4f7c130cc25220392051fadfe15f63ed70001487eca21d1796db46cbcc04/ruff-0.12.3-py3-none-manylinux_2_17_s390x.manylinux2014_s390x.whl", hash = "sha256:560f13b6baa49785665276c963edc363f8ad4b4fc910a883e2625bdb14a83a9e", size = 11499096, upload-time = "2025-07-11T13:20:50.348Z" },
    { url = "https://files.pythonhosted.org/packages/d4/01/a0ad24a5d2ed6be03a312e30d32d4e3904bfdbc1cdbe63c47be9d0e82c79/ruff-0.12.3-py3-none-manylinux_2_17_x86_64.manylinux2014_x86_64.whl", hash = "sha256:023040a3499f6f974ae9091bcdd0385dd9e9eb4942f231c23c57708147b06311", size = 11688307, upload-time = "2025-07-11T13:20:52.945Z" },
    { url = "https://files.pythonhosted.org/packages/93/72/08f9e826085b1f57c9a0226e48acb27643ff19b61516a34c6cab9d6ff3fa/ruff-0.12.3-py3-none-musllinux_1_2_aarch64.whl", hash = "sha256:883d844967bffff5ab28bba1a4d246c1a1b2933f48cb9840f3fdc5111c603b07", size = 10661020, upload-time = "2025-07-11T13:20:55.799Z" },
    { url = "https://files.pythonhosted.org/packages/80/a0/68da1250d12893466c78e54b4a0ff381370a33d848804bb51279367fc688/ruff-0.12.3-py3-none-musllinux_1_2_armv7l.whl", hash = "sha256:2120d3aa855ff385e0e562fdee14d564c9675edbe41625c87eeab744a7830d12", size = 10246300, upload-time = "2025-07-11T13:20:58.222Z" },
    { url = "https://files.pythonhosted.org/packages/6a/22/5f0093d556403e04b6fd0984fc0fb32fbb6f6ce116828fd54306a946f444/ruff-0.12.3-py3-none-musllinux_1_2_i686.whl", hash = "sha256:6b16647cbb470eaf4750d27dddc6ebf7758b918887b56d39e9c22cce2049082b", size = 11263119, upload-time = "2025-07-11T13:21:01.503Z" },
    { url = "https://files.pythonhosted.org/packages/92/c9/f4c0b69bdaffb9968ba40dd5fa7df354ae0c73d01f988601d8fac0c639b1/ruff-0.12.3-py3-none-musllinux_1_2_x86_64.whl", hash = "sha256:e1417051edb436230023575b149e8ff843a324557fe0a265863b7602df86722f", size = 11746990, upload-time = "2025-07-11T13:21:04.524Z" },
    { url = "https://files.pythonhosted.org/packages/fe/84/7cc7bd73924ee6be4724be0db5414a4a2ed82d06b30827342315a1be9e9c/ruff-0.12.3-py3-none-win32.whl", hash = "sha256:dfd45e6e926deb6409d0616078a666ebce93e55e07f0fb0228d4b2608b2c248d", size = 10589263, upload-time = "2025-07-11T13:21:07.148Z" },
    { url = "https://files.pythonhosted.org/packages/07/87/c070f5f027bd81f3efee7d14cb4d84067ecf67a3a8efb43aadfc72aa79a6/ruff-0.12.3-py3-none-win_amd64.whl", hash = "sha256:a946cf1e7ba3209bdef039eb97647f1c77f6f540e5845ec9c114d3af8df873e7", size = 11695072, upload-time = "2025-07-11T13:21:11.004Z" },
    { url = "https://files.pythonhosted.org/packages/e0/30/f3eaf6563c637b6e66238ed6535f6775480db973c836336e4122161986fc/ruff-0.12.3-py3-none-win_arm64.whl", hash = "sha256:5f9c7c9c8f84c2d7f27e93674d27136fbf489720251544c4da7fb3d742e011b1", size = 10805855, upload-time = "2025-07-11T13:21:13.547Z" },
]

[[package]]
name = "telethon"
version = "1.40.0"
source = { registry = "https://pypi.org/simple" }
dependencies = [
    { name = "pyaes" },
    { name = "rsa" },
]
sdist = { url = "https://files.pythonhosted.org/packages/58/af/9b7111e3f63fffe8e55b7ceb8bda023173e2052f420b6debcb25fd2fbc15/telethon-1.40.0.tar.gz", hash = "sha256:40e83326877a2e68b754d4b6d0d1ca5ac924110045b039e02660f2d67add97db", size = 646723, upload-time = "2025-04-21T09:12:10.506Z" }
wheels = [
    { url = "https://files.pythonhosted.org/packages/2c/5a/c5370edb3215d19a6e858f4169b8eec725ba55f9d39df0f557508048c037/Telethon-1.40.0-py3-none-any.whl", hash = "sha256:146fd4cb2a7afa66bc67f9c2167756096a37b930f65711a3e7399ec9874dcfa7", size = 722013, upload-time = "2025-04-21T09:12:08.399Z" },
]

[[package]]
name = "tgup"
version = "0.1.5"
source = { editable = "." }
dependencies = [
    { name = "cryptg" },
    { name = "hachoir" },
    { name = "python-ffmpeg" },
    { name = "telethon" },
    { name = "tqdm" },
]

[package.dev-dependencies]
dev = [
    { name = "ruff" },
]

[package.metadata]
requires-dist = [
    { name = "cryptg", specifier = ">=0.5.0.post0" },
    { name = "hachoir", specifier = ">=3.3.0" },
    { name = "python-ffmpeg", specifier = ">=2.0.12" },
    { name = "telethon", specifier = ">=1.39.0" },
    { name = "tqdm", specifier = ">=4.67.1" },
]

[package.metadata.requires-dev]
dev = [{ name = "ruff", specifier = ">=0.11.5" }]

[[package]]
name = "tqdm"
version = "4.67.1"
source = { registry = "https://pypi.org/simple" }
dependencies = [
    { name = "colorama", marker = "sys_platform == 'win32'" },
]
sdist = { url = "https://files.pythonhosted.org/packages/a8/4b/29b4ef32e036bb34e4ab51796dd745cdba7ed47ad142a9f4a1eb8e0c744d/tqdm-4.67.1.tar.gz", hash = "sha256:f8aef9c52c08c13a65f30ea34f4e5aac3fd1a34959879d7e59e63027286627f2", size = 169737, upload-time = "2024-11-24T20:12:22.481Z" }
wheels = [
    { url = "https://files.pythonhosted.org/packages/d0/30/dc54f88dd4a2b5dc8a0279bdd7270e735851848b762aeb1c1184ed1f6b14/tqdm-4.67.1-py3-none-any.whl", hash = "sha256:26445eca388f82e72884e0d580d5464cd801a3ea01e63e5601bdff9ba6a48de2", size = 78540, upload-time = "2024-11-24T20:12:19.698Z" },
]

[[package]]
name = "typing-extensions"
version = "4.14.1"
source = { registry = "https://pypi.org/simple" }
sdist = { url = "https://files.pythonhosted.org/packages/98/5a/da40306b885cc8c09109dc2e1abd358d5684b1425678151cdaed4731c822/typing_extensions-4.14.1.tar.gz", hash = "sha256:38b39f4aeeab64884ce9f74c94263ef78f3c22467c8724005483154c26648d36", size = 107673, upload-time = "2025-07-04T13:28:34.16Z" }
wheels = [
    { url = "https://files.pythonhosted.org/packages/b5/00/d631e67a838026495268c2f6884f3711a15a9a2a96cd244fdaea53b823fb/typing_extensions-4.14.1-py3-none-any.whl", hash = "sha256:d1e1e3b58374dc93031d6eda2420a48ea44a36c2b4766a4fdeb3710755731d76", size = 43906, upload-time = "2025-07-04T13:28:32.743Z" },
]
