version = 1
revision = 1
requires-python = ">=3.11"

[[package]]
name = "colorama"
version = "0.4.6"
source = { registry = "https://pypi.org/simple" }
sdist = { url = "https://files.pythonhosted.org/packages/d8/53/6f443c9a4a8358a93a6792e2acffb9d9d5cb0a5cfd8802644b7b1c9a02e4/colorama-0.4.6.tar.gz", hash = "sha256:08695f5cb7ed6e0531a20572697297273c47b8cae5a63ffc6d6ed5c201be6e44", size = 27697 }
wheels = [
    { url = "https://files.pythonhosted.org/packages/d1/d6/3965ed04c63042e047cb6a3e6ed1a63a35087b6a609aa3a15ed8ac56c221/colorama-0.4.6-py2.py3-none-any.whl", hash = "sha256:4f1d9991f5acc0ca119f9d443620b77f9d6b33703e51011c16baf57afb285fc6", size = 25335 },
]

[[package]]
name = "cryptg"
version = "0.5.0.post0"
source = { registry = "https://pypi.org/simple" }
sdist = { url = "https://files.pythonhosted.org/packages/8f/c8/9570ac88c1f14bc7a944819da523fdcdba54064ac49dd5faec86f8bf4c95/cryptg-0.5.0.post0.tar.gz", hash = "sha256:be5b36e662a73c9b2f1e02e4f0d71b0f97870e514e924d5988d7253a780e3a7b", size = 13395 }
wheels = [
    { url = "https://files.pythonhosted.org/packages/46/ab/710797be0833e92b3d53f5ec50c082a6d764f971dd52441a68c5761ec53c/cryptg-0.5.0.post0-cp311-cp311-macosx_11_0_arm64.whl", hash = "sha256:d82293ea2515fe38300824fc075f5d4ec3e0fd3142a9ada1d88dae4f553eefec", size = 205458 },
    { url = "https://files.pythonhosted.org/packages/0c/aa/c96a044423b82a1259915cc2097ef02e5ef61b348a06c21e0de8a769c666/cryptg-0.5.0.post0-cp311-cp311-manylinux_2_17_aarch64.manylinux2014_aarch64.whl", hash = "sha256:c2c066b4a2ee4ed90298d557cac19db9c834bd7e4e8435a1e024393155b850bf", size = 236207 },
    { url = "https://files.pythonhosted.org/packages/3c/45/f15e458fe7d75a902b87f5f57c64d1ed816597b8d390afde3bfc618a9a4f/cryptg-0.5.0.post0-cp311-cp311-manylinux_2_17_x86_64.manylinux2014_x86_64.whl", hash = "sha256:209cf9a499e9cdb91580c8a5f9a3b7e475514016352350aea3d0a58656d4c2fe", size = 238256 },
    { url = "https://files.pythonhosted.org/packages/c0/a5/c82ff94b5cec77c8befc1228863aac06f61bfe71c76d3044559c6f098485/cryptg-0.5.0.post0-cp311-cp311-manylinux_2_5_i686.manylinux1_i686.manylinux_2_17_i686.manylinux2014_i686.whl", hash = "sha256:f6e144749355ee2a3473a2c295f8178b58e8bbf127d45bbc670a30df0e44b27b", size = 259084 },
    { url = "https://files.pythonhosted.org/packages/1f/b1/acbe296f928916cfb8ab090bdedfa7992f9cf26d8a35485bdbfedc69dcd9/cryptg-0.5.0.post0-cp311-cp311-win32.whl", hash = "sha256:2ea4ac6a1b8677c41b0df368be7779ed19b07ef033a290d35b0bf2d202a34ca9", size = 113276 },
    { url = "https://files.pythonhosted.org/packages/53/d9/0549b73de6ae9db684baa44a1efe9057103215908de9386e907cc615d2a3/cryptg-0.5.0.post0-cp311-cp311-win_amd64.whl", hash = "sha256:882f12602db8d1021271a83275fb5b56bd6dbea22a6de086c26f4a22263d6c53", size = 111602 },
    { url = "https://files.pythonhosted.org/packages/f4/6e/edc3e88c068025bd3218ad1f96158cc3e18a684df97da28eea2bfb258b28/cryptg-0.5.0.post0-cp312-cp312-macosx_11_0_arm64.whl", hash = "sha256:39795b25237da4ca6140cf4c2924807bfb683e528823ebbbae45b95f174ec903", size = 204976 },
    { url = "https://files.pythonhosted.org/packages/01/84/23fc82ee92cd785a56bf57770ed972e9bb8a0bc50342fac0ee4971a63a82/cryptg-0.5.0.post0-cp312-cp312-manylinux_2_17_aarch64.manylinux2014_aarch64.whl", hash = "sha256:84f6b6f623d894ff88429805b7a1670f43df7dd05a71edc2f3c7b34175182c99", size = 235585 },
    { url = "https://files.pythonhosted.org/packages/d4/b0/9ae39034b7542fe1a4e05a8c41fbf24e27176d6de46683d64478cff223e3/cryptg-0.5.0.post0-cp312-cp312-manylinux_2_17_x86_64.manylinux2014_x86_64.whl", hash = "sha256:9107b7daf308b453f00635f0491e4e658034925f19aa8d6623c73fe4e5764178", size = 237675 },
    { url = "https://files.pythonhosted.org/packages/bb/fd/b55b0f4d8de615ce832d5fc9e77c1344c81695c97d22196c8c22b5f23c39/cryptg-0.5.0.post0-cp312-cp312-manylinux_2_5_i686.manylinux1_i686.manylinux_2_17_i686.manylinux2014_i686.whl", hash = "sha256:96da29d91bab292a7f91c43e27367529b5e9e81c894ceea29055460d0fe86346", size = 258590 },
    { url = "https://files.pythonhosted.org/packages/20/af/8f1c82f22ad48de537bfdc82e549dd1470f854fdf855bf6e8ca1f79cdcda/cryptg-0.5.0.post0-cp312-cp312-win32.whl", hash = "sha256:2ff7f381746f0fcec3b8a25f5d39b9f7c84d7c59d5d27d5c4d53c6b2ba927a98", size = 113315 },
    { url = "https://files.pythonhosted.org/packages/e8/09/86367b6e9433cc7a0c6c50c1b71b251166719dfadd17dbcbec5f82908b72/cryptg-0.5.0.post0-cp312-cp312-win_amd64.whl", hash = "sha256:cef8ed1144e11b3fbb85c2bddac45a783fedec7e7a78980b195a9b217087c619", size = 111400 },
    { url = "https://files.pythonhosted.org/packages/db/bf/e4c730747d9b7c31e56a611c8ad253fe9e7da463caa0bb1c53c7b8a78b03/cryptg-0.5.0.post0-cp313-cp313-macosx_11_0_arm64.whl", hash = "sha256:9dfc86e0a4b200585b0d0a0ab349738f22b8ff9d14621ed7b37a2a415b78c3a5", size = 205191 },
    { url = "https://files.pythonhosted.org/packages/ba/92/f53785242ecb7f47cf860cdf325cd56e6a9b1d2021b9c05b8d85164075fd/cryptg-0.5.0.post0-cp313-cp313-manylinux_2_17_aarch64.manylinux2014_aarch64.whl", hash = "sha256:9abb52b4d6c275f7148acec5a712c9731280794cd46b4e0fae8c6428f7ba5858", size = 235824 },
    { url = "https://files.pythonhosted.org/packages/c2/5b/9453e85cf3b7a53c5b91d63329cbf5b0035b7e635a0347280966b949d252/cryptg-0.5.0.post0-cp313-cp313-manylinux_2_17_x86_64.manylinux2014_x86_64.whl", hash = "sha256:852e88327fc0050c47a1973e0ca33ffb7211c3d739965bff923fc202aeda1567", size = 237433 },
    { url = "https://files.pythonhosted.org/packages/52/06/8ca293f475a8a374ed1006aa2ae647682f2b1dcb42a0c17dccbf5b47d614/cryptg-0.5.0.post0-cp313-cp313-manylinux_2_5_i686.manylinux1_i686.manylinux_2_17_i686.manylinux2014_i686.whl", hash = "sha256:feb3dc38d1766470239c76ca2f5003d8233d3a179a342e8731d5c5c6c57c08c9", size = 258490 },
    { url = "https://files.pythonhosted.org/packages/4b/36/6fa10a9d02cae742e69f46349645acdcf939a69058a14b57acbf0ef2fee1/cryptg-0.5.0.post0-cp313-cp313-win32.whl", hash = "sha256:2adfb6ddeb7be5678121e254b7d113e6f25923a8c9c41dff2b7c777eb6b318ff", size = 113199 },
    { url = "https://files.pythonhosted.org/packages/8b/44/5213eb9fbbc0678b62d20a6e5a0489ed4e2dde4ad6f880ea011cdd21c694/cryptg-0.5.0.post0-cp313-cp313-win_amd64.whl", hash = "sha256:e0666f1d4dc551c1cb86378b7adf4d927a1a79fafd9c25e88bda1de43e6d1f7b", size = 111359 },
]

[[package]]
name = "hachoir"
version = "3.3.0"
source = { registry = "https://pypi.org/simple" }
sdist = { url = "https://files.pythonhosted.org/packages/31/e5/3a7d611dc87aab2c088be040f5da2f6937e308044983848e648d97ef388b/hachoir-3.3.0.tar.gz", hash = "sha256:fd7679f649c17ee45ab2ba5eacddc702c667ea5200c0a1fd063d4615fa7270d2", size = 7111887 }
wheels = [
    { url = "https://files.pythonhosted.org/packages/ef/96/9570e6604114e9b2b2e1d90a89d01d10646b9cb6f54bba78f6de5fbbceb1/hachoir-3.3.0-py3-none-any.whl", hash = "sha256:9f721af67867d933383398b9605bc388db25f55dde1034d2bfde91f05e5d9910", size = 650439 },
]

[[package]]
name = "pyaes"
version = "1.6.1"
source = { registry = "https://pypi.org/simple" }
sdist = { url = "https://files.pythonhosted.org/packages/44/66/2c17bae31c906613795711fc78045c285048168919ace2220daa372c7d72/pyaes-1.6.1.tar.gz", hash = "sha256:02c1b1405c38d3c370b085fb952dd8bea3fadcee6411ad99f312cc129c536d8f", size = 28536 }

[[package]]
name = "pyasn1"
version = "0.6.1"
source = { registry = "https://pypi.org/simple" }
sdist = { url = "https://files.pythonhosted.org/packages/ba/e9/01f1a64245b89f039897cb0130016d79f77d52669aae6ee7b159a6c4c018/pyasn1-0.6.1.tar.gz", hash = "sha256:6f580d2bdd84365380830acf45550f2511469f673cb4a5ae3857a3170128b034", size = 145322 }
wheels = [
    { url = "https://files.pythonhosted.org/packages/c8/f1/d6a797abb14f6283c0ddff96bbdd46937f64122b8c925cab503dd37f8214/pyasn1-0.6.1-py3-none-any.whl", hash = "sha256:0d632f46f2ba09143da3a8afe9e33fb6f92fa2320ab7e886e2d0f7672af84629", size = 83135 },
]

[[package]]
name = "pyee"
version = "13.0.0"
source = { registry = "https://pypi.org/simple" }
dependencies = [
    { name = "typing-extensions" },
]
sdist = { url = "https://files.pythonhosted.org/packages/95/03/1fd98d5841cd7964a27d729ccf2199602fe05eb7a405c1462eb7277945ed/pyee-13.0.0.tar.gz", hash = "sha256:b391e3c5a434d1f5118a25615001dbc8f669cf410ab67d04c4d4e07c55481c37", size = 31250 }
wheels = [
    { url = "https://files.pythonhosted.org/packages/9b/4d/b9add7c84060d4c1906abe9a7e5359f2a60f7a9a4f67268b2766673427d8/pyee-13.0.0-py3-none-any.whl", hash = "sha256:48195a3cddb3b1515ce0695ed76036b5ccc2ef3a9f963ff9f77aec0139845498", size = 15730 },
]

[[package]]
name = "python-ffmpeg"
version = "2.0.12"
source = { registry = "https://pypi.org/simple" }
dependencies = [
    { name = "pyee" },
    { name = "typing-extensions" },
]
sdist = { url = "https://files.pythonhosted.org/packages/dd/4d/7ecffb341d646e016be76e36f5a42cb32f409c9ca21a57b68f067fad3fc7/python_ffmpeg-2.0.12.tar.gz", hash = "sha256:19ac80af5a064a2f53c245af1a909b2d7648ea045500d96d3bcd507b88d43dc7", size = 14126292 }
wheels = [
    { url = "https://files.pythonhosted.org/packages/7f/6d/02e817aec661defe148cb9eb0c4eca2444846305f625c2243fb9f92a9045/python_ffmpeg-2.0.12-py3-none-any.whl", hash = "sha256:d86697da8dfb39335183e336d31baf42fb217468adf5ac97fd743898240faae3", size = 14411 },
]

[[package]]
name = "rsa"
version = "4.9.1"
source = { registry = "https://pypi.org/simple" }
dependencies = [
    { name = "pyasn1" },
]
sdist = { url = "https://files.pythonhosted.org/packages/da/8a/22b7beea3ee0d44b1916c0c1cb0ee3af23b700b6da9f04991899d0c555d4/rsa-4.9.1.tar.gz", hash = "sha256:e7bdbfdb5497da4c07dfd35530e1a902659db6ff241e39d9953cad06ebd0ae75", size = 29034 }
wheels = [
    { url = "https://files.pythonhosted.org/packages/64/8d/0133e4eb4beed9e425d9a98ed6e081a55d195481b7632472be1af08d2f6b/rsa-4.9.1-py3-none-any.whl", hash = "sha256:68635866661c6836b8d39430f97a996acbd61bfa49406748ea243539fe239762", size = 34696 },
]

[[package]]
name = "ruff"
version = "0.11.11"
source = { registry = "https://pypi.org/simple" }
sdist = { url = "https://files.pythonhosted.org/packages/b2/53/ae4857030d59286924a8bdb30d213d6ff22d8f0957e738d0289990091dd8/ruff-0.11.11.tar.gz", hash = "sha256:7774173cc7c1980e6bf67569ebb7085989a78a103922fb83ef3dfe230cd0687d", size = 4186707 }
wheels = [
    { url = "https://files.pythonhosted.org/packages/b1/14/f2326676197bab099e2a24473158c21656fbf6a207c65f596ae15acb32b9/ruff-0.11.11-py3-none-linux_armv6l.whl", hash = "sha256:9924e5ae54125ed8958a4f7de320dab7380f6e9fa3195e3dc3b137c6842a0092", size = 10229049 },
    { url = "https://files.pythonhosted.org/packages/9a/f3/bff7c92dd66c959e711688b2e0768e486bbca46b2f35ac319bb6cce04447/ruff-0.11.11-py3-none-macosx_10_12_x86_64.whl", hash = "sha256:c8a93276393d91e952f790148eb226658dd275cddfde96c6ca304873f11d2ae4", size = 11053601 },
    { url = "https://files.pythonhosted.org/packages/e2/38/8e1a3efd0ef9d8259346f986b77de0f62c7a5ff4a76563b6b39b68f793b9/ruff-0.11.11-py3-none-macosx_11_0_arm64.whl", hash = "sha256:d6e333dbe2e6ae84cdedefa943dfd6434753ad321764fd937eef9d6b62022bcd", size = 10367421 },
    { url = "https://files.pythonhosted.org/packages/b4/50/557ad9dd4fb9d0bf524ec83a090a3932d284d1a8b48b5906b13b72800e5f/ruff-0.11.11-py3-none-manylinux_2_17_aarch64.manylinux2014_aarch64.whl", hash = "sha256:7885d9a5e4c77b24e8c88aba8c80be9255fa22ab326019dac2356cff42089fc6", size = 10581980 },
    { url = "https://files.pythonhosted.org/packages/c4/b2/e2ed82d6e2739ece94f1bdbbd1d81b712d3cdaf69f0a1d1f1a116b33f9ad/ruff-0.11.11-py3-none-manylinux_2_17_armv7l.manylinux2014_armv7l.whl", hash = "sha256:1b5ab797fcc09121ed82e9b12b6f27e34859e4227080a42d090881be888755d4", size = 10089241 },
    { url = "https://files.pythonhosted.org/packages/3d/9f/b4539f037a5302c450d7c695c82f80e98e48d0d667ecc250e6bdeb49b5c3/ruff-0.11.11-py3-none-manylinux_2_17_i686.manylinux2014_i686.whl", hash = "sha256:e231ff3132c1119ece836487a02785f099a43992b95c2f62847d29bace3c75ac", size = 11699398 },
    { url = "https://files.pythonhosted.org/packages/61/fb/32e029d2c0b17df65e6eaa5ce7aea5fbeaed22dddd9fcfbbf5fe37c6e44e/ruff-0.11.11-py3-none-manylinux_2_17_ppc64.manylinux2014_ppc64.whl", hash = "sha256:a97c9babe1d4081037a90289986925726b802d180cca784ac8da2bbbc335f709", size = 12427955 },
    { url = "https://files.pythonhosted.org/packages/6e/e3/160488dbb11f18c8121cfd588e38095ba779ae208292765972f7732bfd95/ruff-0.11.11-py3-none-manylinux_2_17_ppc64le.manylinux2014_ppc64le.whl", hash = "sha256:d8c4ddcbe8a19f59f57fd814b8b117d4fcea9bee7c0492e6cf5fdc22cfa563c8", size = 12069803 },
    { url = "https://files.pythonhosted.org/packages/ff/16/3b006a875f84b3d0bff24bef26b8b3591454903f6f754b3f0a318589dcc3/ruff-0.11.11-py3-none-manylinux_2_17_s390x.manylinux2014_s390x.whl", hash = "sha256:6224076c344a7694c6fbbb70d4f2a7b730f6d47d2a9dc1e7f9d9bb583faf390b", size = 11242630 },
    { url = "https://files.pythonhosted.org/packages/65/0d/0338bb8ac0b97175c2d533e9c8cdc127166de7eb16d028a43c5ab9e75abd/ruff-0.11.11-py3-none-manylinux_2_17_x86_64.manylinux2014_x86_64.whl", hash = "sha256:882821fcdf7ae8db7a951df1903d9cb032bbe838852e5fc3c2b6c3ab54e39875", size = 11507310 },
    { url = "https://files.pythonhosted.org/packages/6f/bf/d7130eb26174ce9b02348b9f86d5874eafbf9f68e5152e15e8e0a392e4a3/ruff-0.11.11-py3-none-musllinux_1_2_aarch64.whl", hash = "sha256:dcec2d50756463d9df075a26a85a6affbc1b0148873da3997286caf1ce03cae1", size = 10441144 },
    { url = "https://files.pythonhosted.org/packages/b3/f3/4be2453b258c092ff7b1761987cf0749e70ca1340cd1bfb4def08a70e8d8/ruff-0.11.11-py3-none-musllinux_1_2_armv7l.whl", hash = "sha256:99c28505ecbaeb6594701a74e395b187ee083ee26478c1a795d35084d53ebd81", size = 10081987 },
    { url = "https://files.pythonhosted.org/packages/6c/6e/dfa4d2030c5b5c13db158219f2ec67bf333e8a7748dccf34cfa2a6ab9ebc/ruff-0.11.11-py3-none-musllinux_1_2_i686.whl", hash = "sha256:9263f9e5aa4ff1dec765e99810f1cc53f0c868c5329b69f13845f699fe74f639", size = 11073922 },
    { url = "https://files.pythonhosted.org/packages/ff/f4/f7b0b0c3d32b593a20ed8010fa2c1a01f2ce91e79dda6119fcc51d26c67b/ruff-0.11.11-py3-none-musllinux_1_2_x86_64.whl", hash = "sha256:64ac6f885e3ecb2fdbb71de2701d4e34526651f1e8503af8fb30d4915a3fe345", size = 11568537 },
    { url = "https://files.pythonhosted.org/packages/d2/46/0e892064d0adc18bcc81deed9aaa9942a27fd2cd9b1b7791111ce468c25f/ruff-0.11.11-py3-none-win32.whl", hash = "sha256:1adcb9a18802268aaa891ffb67b1c94cd70578f126637118e8099b8e4adcf112", size = 10536492 },
    { url = "https://files.pythonhosted.org/packages/1b/d9/232e79459850b9f327e9f1dc9c047a2a38a6f9689e1ec30024841fc4416c/ruff-0.11.11-py3-none-win_amd64.whl", hash = "sha256:748b4bb245f11e91a04a4ff0f96e386711df0a30412b9fe0c74d5bdc0e4a531f", size = 11612562 },
    { url = "https://files.pythonhosted.org/packages/ce/eb/09c132cff3cc30b2e7244191dcce69437352d6d6709c0adf374f3e6f476e/ruff-0.11.11-py3-none-win_arm64.whl", hash = "sha256:6c51f136c0364ab1b774767aa8b86331bd8e9d414e2d107db7a2189f35ea1f7b", size = 10735951 },
]

[[package]]
name = "telethon"
version = "1.40.0"
source = { registry = "https://pypi.org/simple" }
dependencies = [
    { name = "pyaes" },
    { name = "rsa" },
]
sdist = { url = "https://files.pythonhosted.org/packages/58/af/9b7111e3f63fffe8e55b7ceb8bda023173e2052f420b6debcb25fd2fbc15/telethon-1.40.0.tar.gz", hash = "sha256:40e83326877a2e68b754d4b6d0d1ca5ac924110045b039e02660f2d67add97db", size = 646723 }
wheels = [
    { url = "https://files.pythonhosted.org/packages/2c/5a/c5370edb3215d19a6e858f4169b8eec725ba55f9d39df0f557508048c037/Telethon-1.40.0-py3-none-any.whl", hash = "sha256:146fd4cb2a7afa66bc67f9c2167756096a37b930f65711a3e7399ec9874dcfa7", size = 722013 },
]

[[package]]
name = "tgup"
version = "0.1.5"
source = { editable = "." }
dependencies = [
    { name = "cryptg" },
    { name = "hachoir" },
    { name = "python-ffmpeg" },
    { name = "telethon" },
    { name = "tqdm" },
]

[package.dev-dependencies]
dev = [
    { name = "ruff" },
]

[package.metadata]
requires-dist = [
    { name = "cryptg", specifier = ">=0.5.0.post0" },
    { name = "hachoir", specifier = ">=3.3.0" },
    { name = "python-ffmpeg", specifier = ">=2.0.12" },
    { name = "telethon", specifier = ">=1.39.0" },
    { name = "tqdm", specifier = ">=4.67.1" },
]

[package.metadata.requires-dev]
dev = [{ name = "ruff", specifier = ">=0.11.5" }]

[[package]]
name = "tqdm"
version = "4.67.1"
source = { registry = "https://pypi.org/simple" }
dependencies = [
    { name = "colorama", marker = "sys_platform == 'win32'" },
]
sdist = { url = "https://files.pythonhosted.org/packages/a8/4b/29b4ef32e036bb34e4ab51796dd745cdba7ed47ad142a9f4a1eb8e0c744d/tqdm-4.67.1.tar.gz", hash = "sha256:f8aef9c52c08c13a65f30ea34f4e5aac3fd1a34959879d7e59e63027286627f2", size = 169737 }
wheels = [
    { url = "https://files.pythonhosted.org/packages/d0/30/dc54f88dd4a2b5dc8a0279bdd7270e735851848b762aeb1c1184ed1f6b14/tqdm-4.67.1-py3-none-any.whl", hash = "sha256:26445eca388f82e72884e0d580d5464cd801a3ea01e63e5601bdff9ba6a48de2", size = 78540 },
]

[[package]]
name = "typing-extensions"
version = "4.13.2"
source = { registry = "https://pypi.org/simple" }
sdist = { url = "https://files.pythonhosted.org/packages/f6/37/23083fcd6e35492953e8d2aaaa68b860eb422b34627b13f2ce3eb6106061/typing_extensions-4.13.2.tar.gz", hash = "sha256:e6c81219bd689f51865d9e372991c540bda33a0379d5573cddb9a3a23f7caaef", size = 106967 }
wheels = [
    { url = "https://files.pythonhosted.org/packages/8b/54/b1ae86c0973cc6f0210b53d508ca3641fb6d0c56823f288d108bc7ab3cc8/typing_extensions-4.13.2-py3-none-any.whl", hash = "sha256:a439e7c04b49fec3e5d3e2beaa21755cadbbdc391694e28ccdd36ca4a1408f8c", size = 45806 },
]
